// !$*UTF8*$!
{
	archiveVersion = 1;
	classes = {
	};
	objectVersion = 46;
	objects = {

/* Begin PBXBuildFile section */
		1ED723F7193DC3780025D1B9 /* Person.m in Sources */ = {isa = PBXBuildFile; fileRef = 1ED723F6193DC3780025D1B9 /* Person.m */; };
		1ED723FB193DE8FF0025D1B9 /* EuroConverter.m in Sources */ = {isa = PBXBuildFile; fileRef = 1ED723FA193DE8FF0025D1B9 /* EuroConverter.m */; };
		1ED723FD193E047D0025D1B9 /* Storyboard.storyboard in Resources */ = {isa = PBXBuildFile; fileRef = 1ED723FC193E047D0025D1B9 /* Storyboard.storyboard */; };
		1ED72402193E0B890025D1B9 /* EuroCalculatorViewController.m in Sources */ = {isa = PBXBuildFile; fileRef = 1ED72401193E0B890025D1B9 /* EuroCalculatorViewController.m */; };
		1ED72405193E0CAF0025D1B9 /* EuroConverterViewController.m in Sources */ = {isa = PBXBuildFile; fileRef = 1ED72404193E0CAF0025D1B9 /* EuroConverterViewController.m */; };
		1EE71187193CD00800B24ED7 /* Foundation.framework in Frameworks */ = {isa = PBXBuildFile; fileRef = 1EE71186193CD00800B24ED7 /* Foundation.framework */; };
		1EE71189193CD00800B24ED7 /* CoreGraphics.framework in Frameworks */ = {isa = PBXBuildFile; fileRef = 1EE71188193CD00800B24ED7 /* CoreGraphics.framework */; };
		1EE7118B193CD00800B24ED7 /* UIKit.framework in Frameworks */ = {isa = PBXBuildFile; fileRef = 1EE7118A193CD00800B24ED7 /* UIKit.framework */; };
		1EE71191193CD00800B24ED7 /* InfoPlist.strings in Resources */ = {isa = PBXBuildFile; fileRef = 1EE7118F193CD00800B24ED7 /* InfoPlist.strings */; };
		1EE71193193CD00800B24ED7 /* main.m in Sources */ = {isa = PBXBuildFile; fileRef = 1EE71192193CD00800B24ED7 /* main.m */; };
		1EE71197193CD00800B24ED7 /* AppDelegate.m in Sources */ = {isa = PBXBuildFile; fileRef = 1EE71196193CD00800B24ED7 /* AppDelegate.m */; };
		1EE71199193CD00800B24ED7 /* Images.xcassets in Resources */ = {isa = PBXBuildFile; fileRef = 1EE71198193CD00800B24ED7 /* Images.xcassets */; };
		1EE711A0193CD00800B24ED7 /* XCTest.framework in Frameworks */ = {isa = PBXBuildFile; fileRef = 1EE7119F193CD00800B24ED7 /* XCTest.framework */; };
		1EE711A1193CD00800B24ED7 /* Foundation.framework in Frameworks */ = {isa = PBXBuildFile; fileRef = 1EE71186193CD00800B24ED7 /* Foundation.framework */; };
		1EE711A2193CD00800B24ED7 /* UIKit.framework in Frameworks */ = {isa = PBXBuildFile; fileRef = 1EE7118A193CD00800B24ED7 /* UIKit.framework */; };
		1EE711AA193CD00800B24ED7 /* InfoPlist.strings in Resources */ = {isa = PBXBuildFile; fileRef = 1EE711A8193CD00800B24ED7 /* InfoPlist.strings */; };
		1EE711AC193CD00800B24ED7 /* BeersTests.m in Sources */ = {isa = PBXBuildFile; fileRef = 1EE711AB193CD00800B24ED7 /* BeersTests.m */; };
		1EE711B7193CD21A00B24ED7 /* Beer.m in Sources */ = {isa = PBXBuildFile; fileRef = 1EE711B6193CD21A00B24ED7 /* Beer.m */; };
/* End PBXBuildFile section */

/* Begin PBXContainerItemProxy section */
		1EE711A3193CD00800B24ED7 /* PBXContainerItemProxy */ = {
			isa = PBXContainerItemProxy;
			containerPortal = 1EE7117B193CD00800B24ED7 /* Project object */;
			proxyType = 1;
			remoteGlobalIDString = 1EE71182193CD00800B24ED7;
			remoteInfo = Beers;
		};
/* End PBXContainerItemProxy section */

/* Begin PBXFileReference section */
		1ED723F5193DC3780025D1B9 /* Person.h */ = {isa = PBXFileReference; fileEncoding = 4; lastKnownFileType = sourcecode.c.h; path = Person.h; sourceTree = "<group>"; };
		1ED723F6193DC3780025D1B9 /* Person.m */ = {isa = PBXFileReference; fileEncoding = 4; lastKnownFileType = sourcecode.c.objc; path = Person.m; sourceTree = "<group>"; };
		1ED723F9193DE8FF0025D1B9 /* EuroConverter.h */ = {isa = PBXFileReference; fileEncoding = 4; lastKnownFileType = sourcecode.c.h; path = EuroConverter.h; sourceTree = "<group>"; };
		1ED723FA193DE8FF0025D1B9 /* EuroConverter.m */ = {isa = PBXFileReference; fileEncoding = 4; lastKnownFileType = sourcecode.c.objc; path = EuroConverter.m; sourceTree = "<group>"; };
		1ED723FC193E047D0025D1B9 /* Storyboard.storyboard */ = {isa = PBXFileReference; fileEncoding = 4; lastKnownFileType = file.storyboard; name = Storyboard.storyboard; path = ../Storyboard.storyboard; sourceTree = "<group>"; };
		1ED72400193E0B890025D1B9 /* EuroCalculatorViewController.h */ = {isa = PBXFileReference; fileEncoding = 4; lastKnownFileType = sourcecode.c.h; path = EuroCalculatorViewController.h; sourceTree = "<group>"; };
		1ED72401193E0B890025D1B9 /* EuroCalculatorViewController.m */ = {isa = PBXFileReference; fileEncoding = 4; lastKnownFileType = sourcecode.c.objc; path = EuroCalculatorViewController.m; sourceTree = "<group>"; };
		1ED72403193E0CAF0025D1B9 /* EuroConverterViewController.h */ = {isa = PBXFileReference; fileEncoding = 4; lastKnownFileType = sourcecode.c.h; path = EuroConverterViewController.h; sourceTree = "<group>"; };
		1ED72404193E0CAF0025D1B9 /* EuroConverterViewController.m */ = {isa = PBXFileReference; fileEncoding = 4; lastKnownFileType = sourcecode.c.objc; path = EuroConverterViewController.m; sourceTree = "<group>"; };
		1EE71183193CD00800B24ED7 /* Beers.app */ = {isa = PBXFileReference; explicitFileType = wrapper.application; includeInIndex = 0; path = Beers.app; sourceTree = BUILT_PRODUCTS_DIR; };
		1EE71186193CD00800B24ED7 /* Foundation.framework */ = {isa = PBXFileReference; lastKnownFileType = wrapper.framework; name = Foundation.framework; path = System/Library/Frameworks/Foundation.framework; sourceTree = SDKROOT; };
		1EE71188193CD00800B24ED7 /* CoreGraphics.framework */ = {isa = PBXFileReference; lastKnownFileType = wrapper.framework; name = CoreGraphics.framework; path = System/Library/Frameworks/CoreGraphics.framework; sourceTree = SDKROOT; };
		1EE7118A193CD00800B24ED7 /* UIKit.framework */ = {isa = PBXFileReference; lastKnownFileType = wrapper.framework; name = UIKit.framework; path = System/Library/Frameworks/UIKit.framework; sourceTree = SDKROOT; };
		1EE7118E193CD00800B24ED7 /* Beers-Info.plist */ = {isa = PBXFileReference; lastKnownFileType = text.plist.xml; path = "Beers-Info.plist"; sourceTree = "<group>"; };
		1EE71190193CD00800B24ED7 /* en */ = {isa = PBXFileReference; lastKnownFileType = text.plist.strings; name = en; path = en.lproj/InfoPlist.strings; sourceTree = "<group>"; };
		1EE71192193CD00800B24ED7 /* main.m */ = {isa = PBXFileReference; lastKnownFileType = sourcecode.c.objc; path = main.m; sourceTree = "<group>"; };
		1EE71194193CD00800B24ED7 /* Beers-Prefix.pch */ = {isa = PBXFileReference; lastKnownFileType = sourcecode.c.h; path = "Beers-Prefix.pch"; sourceTree = "<group>"; };
		1EE71195193CD00800B24ED7 /* AppDelegate.h */ = {isa = PBXFileReference; lastKnownFileType = sourcecode.c.h; path = AppDelegate.h; sourceTree = "<group>"; };
		1EE71196193CD00800B24ED7 /* AppDelegate.m */ = {isa = PBXFileReference; lastKnownFileType = sourcecode.c.objc; path = AppDelegate.m; sourceTree = "<group>"; };
		1EE71198193CD00800B24ED7 /* Images.xcassets */ = {isa = PBXFileReference; lastKnownFileType = folder.assetcatalog; path = Images.xcassets; sourceTree = "<group>"; };
		1EE7119E193CD00800B24ED7 /* BeersTests.xctest */ = {isa = PBXFileReference; explicitFileType = wrapper.cfbundle; includeInIndex = 0; path = BeersTests.xctest; sourceTree = BUILT_PRODUCTS_DIR; };
		1EE7119F193CD00800B24ED7 /* XCTest.framework */ = {isa = PBXFileReference; lastKnownFileType = wrapper.framework; name = XCTest.framework; path = Library/Frameworks/XCTest.framework; sourceTree = DEVELOPER_DIR; };
		1EE711A7193CD00800B24ED7 /* BeersTests-Info.plist */ = {isa = PBXFileReference; lastKnownFileType = text.plist.xml; path = "BeersTests-Info.plist"; sourceTree = "<group>"; };
		1EE711A9193CD00800B24ED7 /* en */ = {isa = PBXFileReference; lastKnownFileType = text.plist.strings; name = en; path = en.lproj/InfoPlist.strings; sourceTree = "<group>"; };
		1EE711AB193CD00800B24ED7 /* BeersTests.m */ = {isa = PBXFileReference; lastKnownFileType = sourcecode.c.objc; path = BeersTests.m; sourceTree = "<group>"; };
		1EE711B5193CD21A00B24ED7 /* Beer.h */ = {isa = PBXFileReference; fileEncoding = 4; lastKnownFileType = sourcecode.c.h; path = Beer.h; sourceTree = "<group>"; };
		1EE711B6193CD21A00B24ED7 /* Beer.m */ = {isa = PBXFileReference; fileEncoding = 4; lastKnownFileType = sourcecode.c.objc; path = Beer.m; sourceTree = "<group>"; };
/* End PBXFileReference section */

/* Begin PBXFrameworksBuildPhase section */
		1EE71180193CD00800B24ED7 /* Frameworks */ = {
			isa = PBXFrameworksBuildPhase;
			buildActionMask = 2147483647;
			files = (
				1EE71189193CD00800B24ED7 /* CoreGraphics.framework in Frameworks */,
				1EE7118B193CD00800B24ED7 /* UIKit.framework in Frameworks */,
				1EE71187193CD00800B24ED7 /* Foundation.framework in Frameworks */,
			);
			runOnlyForDeploymentPostprocessing = 0;
		};
		1EE7119B193CD00800B24ED7 /* Frameworks */ = {
			isa = PBXFrameworksBuildPhase;
			buildActionMask = 2147483647;
			files = (
				1EE711A0193CD00800B24ED7 /* XCTest.framework in Frameworks */,
				1EE711A2193CD00800B24ED7 /* UIKit.framework in Frameworks */,
				1EE711A1193CD00800B24ED7 /* Foundation.framework in Frameworks */,
			);
			runOnlyForDeploymentPostprocessing = 0;
		};
/* End PBXFrameworksBuildPhase section */

/* Begin PBXGroup section */
		1ED723F8193DC4730025D1B9 /* Model */ = {
			isa = PBXGroup;
			children = (
				1ED723F9193DE8FF0025D1B9 /* EuroConverter.h */,
				1ED723FA193DE8FF0025D1B9 /* EuroConverter.m */,
				1EE711B5193CD21A00B24ED7 /* Beer.h */,
				1EE711B6193CD21A00B24ED7 /* Beer.m */,
				1ED723F5193DC3780025D1B9 /* Person.h */,
				1ED723F6193DC3780025D1B9 /* Person.m */,
			);
			name = Model;
			sourceTree = "<group>";
		};
		1ED723FE193E08B00025D1B9 /* View */ = {
			isa = PBXGroup;
			children = (
				1ED723FC193E047D0025D1B9 /* Storyboard.storyboard */,
			);
			name = View;
			sourceTree = "<group>";
		};
		1ED723FF193E08BF0025D1B9 /* Controller */ = {
			isa = PBXGroup;
			children = (
				1ED72400193E0B890025D1B9 /* EuroCalculatorViewController.h */,
				1ED72401193E0B890025D1B9 /* EuroCalculatorViewController.m */,
				1ED72403193E0CAF0025D1B9 /* EuroConverterViewController.h */,
				1ED72404193E0CAF0025D1B9 /* EuroConverterViewController.m */,
			);
			name = Controller;
			sourceTree = "<group>";
		};
		1EE7117A193CD00800B24ED7 = {
			isa = PBXGroup;
			children = (
				1EE7118C193CD00800B24ED7 /* Beers */,
				1EE711A5193CD00800B24ED7 /* BeersTests */,
				1EE71185193CD00800B24ED7 /* Frameworks */,
				1EE71184193CD00800B24ED7 /* Products */,
			);
			sourceTree = "<group>";
		};
		1EE71184193CD00800B24ED7 /* Products */ = {
			isa = PBXGroup;
			children = (
				1EE71183193CD00800B24ED7 /* Beers.app */,
				1EE7119E193CD00800B24ED7 /* BeersTests.xctest */,
			);
			name = Products;
			sourceTree = "<group>";
		};
		1EE71185193CD00800B24ED7 /* Frameworks */ = {
			isa = PBXGroup;
			children = (
				1EE71186193CD00800B24ED7 /* Foundation.framework */,
				1EE71188193CD00800B24ED7 /* CoreGraphics.framework */,
				1EE7118A193CD00800B24ED7 /* UIKit.framework */,
				1EE7119F193CD00800B24ED7 /* XCTest.framework */,
			);
			name = Frameworks;
			sourceTree = "<group>";
		};
		1EE7118C193CD00800B24ED7 /* Beers */ = {
			isa = PBXGroup;
			children = (
				1EE71195193CD00800B24ED7 /* AppDelegate.h */,
				1EE71196193CD00800B24ED7 /* AppDelegate.m */,
				1ED723F8193DC4730025D1B9 /* Model */,
				1ED723FE193E08B00025D1B9 /* View */,
				1ED723FF193E08BF0025D1B9 /* Controller */,
				1EE71198193CD00800B24ED7 /* Images.xcassets */,
				1EE7118D193CD00800B24ED7 /* Supporting Files */,
			);
			path = Beers;
			sourceTree = "<group>";
		};
		1EE7118D193CD00800B24ED7 /* Supporting Files */ = {
			isa = PBXGroup;
			children = (
				1EE7118E193CD00800B24ED7 /* Beers-Info.plist */,
				1EE7118F193CD00800B24ED7 /* InfoPlist.strings */,
				1EE71192193CD00800B24ED7 /* main.m */,
				1EE71194193CD00800B24ED7 /* Beers-Prefix.pch */,
			);
			name = "Supporting Files";
			sourceTree = "<group>";
		};
		1EE711A5193CD00800B24ED7 /* BeersTests */ = {
			isa = PBXGroup;
			children = (
				1EE711AB193CD00800B24ED7 /* BeersTests.m */,
				1EE711A6193CD00800B24ED7 /* Supporting Files */,
			);
			path = BeersTests;
			sourceTree = "<group>";
		};
		1EE711A6193CD00800B24ED7 /* Supporting Files */ = {
			isa = PBXGroup;
			children = (
				1EE711A7193CD00800B24ED7 /* BeersTests-Info.plist */,
				1EE711A8193CD00800B24ED7 /* InfoPlist.strings */,
			);
			name = "Supporting Files";
			sourceTree = "<group>";
		};
/* End PBXGroup section */

/* Begin PBXNativeTarget section */
		1EE71182193CD00800B24ED7 /* Beers */ = {
			isa = PBXNativeTarget;
			buildConfigurationList = 1EE711AF193CD00800B24ED7 /* Build configuration list for PBXNativeTarget "Beers" */;
			buildPhases = (
				1EE7117F193CD00800B24ED7 /* Sources */,
				1EE71180193CD00800B24ED7 /* Frameworks */,
				1EE71181193CD00800B24ED7 /* Resources */,
			);
			buildRules = (
			);
			dependencies = (
			);
			name = Beers;
			productName = Beers;
			productReference = 1EE71183193CD00800B24ED7 /* Beers.app */;
			productType = "com.apple.product-type.application";
		};
		1EE7119D193CD00800B24ED7 /* BeersTests */ = {
			isa = PBXNativeTarget;
			buildConfigurationList = 1EE711B2193CD00800B24ED7 /* Build configuration list for PBXNativeTarget "BeersTests" */;
			buildPhases = (
				1EE7119A193CD00800B24ED7 /* Sources */,
				1EE7119B193CD00800B24ED7 /* Frameworks */,
				1EE7119C193CD00800B24ED7 /* Resources */,
			);
			buildRules = (
			);
			dependencies = (
				1EE711A4193CD00800B24ED7 /* PBXTargetDependency */,
			);
			name = BeersTests;
			productName = BeersTests;
			productReference = 1EE7119E193CD00800B24ED7 /* BeersTests.xctest */;
			productType = "com.apple.product-type.bundle.unit-test";
		};
/* End PBXNativeTarget section */

/* Begin PBXProject section */
		1EE7117B193CD00800B24ED7 /* Project object */ = {
			isa = PBXProject;
			attributes = {
				LastUpgradeCheck = 0510;
				ORGANIZATIONNAME = ironhack;
				TargetAttributes = {
					1EE7119D193CD00800B24ED7 = {
						TestTargetID = 1EE71182193CD00800B24ED7;
					};
				};
			};
			buildConfigurationList = 1EE7117E193CD00800B24ED7 /* Build configuration list for PBXProject "Beers" */;
			compatibilityVersion = "Xcode 3.2";
			developmentRegion = English;
			hasScannedForEncodings = 0;
			knownRegions = (
				en,
			);
			mainGroup = 1EE7117A193CD00800B24ED7;
			productRefGroup = 1EE71184193CD00800B24ED7 /* Products */;
			projectDirPath = "";
			projectRoot = "";
			targets = (
				1EE71182193CD00800B24ED7 /* Beers */,
				1EE7119D193CD00800B24ED7 /* BeersTests */,
			);
		};
/* End PBXProject section */

/* Begin PBXResourcesBuildPhase section */
		1EE71181193CD00800B24ED7 /* Resources */ = {
			isa = PBXResourcesBuildPhase;
			buildActionMask = 2147483647;
			files = (
				1EE71191193CD00800B24ED7 /* InfoPlist.strings in Resources */,
				1EE71199193CD00800B24ED7 /* Images.xcassets in Resources */,
				1ED723FD193E047D0025D1B9 /* Storyboard.storyboard in Resources */,
			);
			runOnlyForDeploymentPostprocessing = 0;
		};
		1EE7119C193CD00800B24ED7 /* Resources */ = {
			isa = PBXResourcesBuildPhase;
			buildActionMask = 2147483647;
			files = (
				1EE711AA193CD00800B24ED7 /* InfoPlist.strings in Resources */,
			);
			runOnlyForDeploymentPostprocessing = 0;
		};
/* End PBXResourcesBuildPhase section */

/* Begin PBXSourcesBuildPhase section */
		1EE7117F193CD00800B24ED7 /* Sources */ = {
			isa = PBXSourcesBuildPhase;
			buildActionMask = 2147483647;
			files = (
				1EE711B7193CD21A00B24ED7 /* Beer.m in Sources */,
				1ED72402193E0B890025D1B9 /* EuroCalculatorViewController.m in Sources */,
				1ED72405193E0CAF0025D1B9 /* EuroConverterViewController.m in Sources */,
				1EE71197193CD00800B24ED7 /* AppDelegate.m in Sources */,
				1ED723F7193DC3780025D1B9 /* Person.m in Sources */,
				1ED723FB193DE8FF0025D1B9 /* EuroConverter.m in Sources */,
				1EE71193193CD00800B24ED7 /* main.m in Sources */,
			);
			runOnlyForDeploymentPostprocessing = 0;
		};
		1EE7119A193CD00800B24ED7 /* Sources */ = {
			isa = PBXSourcesBuildPhase;
			buildActionMask = 2147483647;
			files = (
				1EE711AC193CD00800B24ED7 /* BeersTests.m in Sources */,
			);
			runOnlyForDeploymentPostprocessing = 0;
		};
/* End PBXSourcesBuildPhase section */

/* Begin PBXTargetDependency section */
		1EE711A4193CD00800B24ED7 /* PBXTargetDependency */ = {
			isa = PBXTargetDependency;
			target = 1EE71182193CD00800B24ED7 /* Beers */;
			targetProxy = 1EE711A3193CD00800B24ED7 /* PBXContainerItemProxy */;
		};
/* End PBXTargetDependency section */

/* Begin PBXVariantGroup section */
		1EE7118F193CD00800B24ED7 /* InfoPlist.strings */ = {
			isa = PBXVariantGroup;
			children = (
				1EE71190193CD00800B24ED7 /* en */,
			);
			name = InfoPlist.strings;
			sourceTree = "<group>";
		};
		1EE711A8193CD00800B24ED7 /* InfoPlist.strings */ = {
			isa = PBXVariantGroup;
			children = (
				1EE711A9193CD00800B24ED7 /* en */,
			);
			name = InfoPlist.strings;
			sourceTree = "<group>";
		};
/* End PBXVariantGroup section */

/* Begin XCBuildConfiguration section */
		1EE711AD193CD00800B24ED7 /* Debug */ = {
			isa = XCBuildConfiguration;
			buildSettings = {
				ALWAYS_SEARCH_USER_PATHS = NO;
				CLANG_CXX_LANGUAGE_STANDARD = "gnu++0x";
				CLANG_CXX_LIBRARY = "libc++";
				CLANG_ENABLE_MODULES = YES;
				CLANG_ENABLE_OBJC_ARC = YES;
				CLANG_WARN_BOOL_CONVERSION = YES;
				CLANG_WARN_CONSTANT_CONVERSION = YES;
				CLANG_WARN_DIRECT_OBJC_ISA_USAGE = YES_ERROR;
				CLANG_WARN_EMPTY_BODY = YES;
				CLANG_WARN_ENUM_CONVERSION = YES;
				CLANG_WARN_INT_CONVERSION = YES;
				CLANG_WARN_OBJC_ROOT_CLASS = YES_ERROR;
				CLANG_WARN__DUPLICATE_METHOD_MATCH = YES;
				"CODE_SIGN_IDENTITY[sdk=iphoneos*]" = "iPhone Developer";
				COPY_PHASE_STRIP = NO;
				GCC_C_LANGUAGE_STANDARD = gnu99;
				GCC_DYNAMIC_NO_PIC = NO;
				GCC_OPTIMIZATION_LEVEL = 0;
				GCC_PREPROCESSOR_DEFINITIONS = (
					"DEBUG=1",
					"$(inherited)",
				);
				GCC_SYMBOLS_PRIVATE_EXTERN = NO;
				GCC_WARN_64_TO_32_BIT_CONVERSION = YES;
				GCC_WARN_ABOUT_RETURN_TYPE = YES_ERROR;
				GCC_WARN_UNDECLARED_SELECTOR = YES;
				GCC_WARN_UNINITIALIZED_AUTOS = YES_AGGRESSIVE;
				GCC_WARN_UNUSED_FUNCTION = YES;
				GCC_WARN_UNUSED_VARIABLE = YES;
				IPHONEOS_DEPLOYMENT_TARGET = 7.1;
				ONLY_ACTIVE_ARCH = YES;
				SDKROOT = iphoneos;
			};
			name = Debug;
		};
		1EE711AE193CD00800B24ED7 /* Release */ = {
			isa = XCBuildConfiguration;
			buildSettings = {
				ALWAYS_SEARCH_USER_PATHS = NO;
				CLANG_CXX_LANGUAGE_STANDARD = "gnu++0x";
				CLANG_CXX_LIBRARY = "libc++";
				CLANG_ENABLE_MODULES = YES;
				CLANG_ENABLE_OBJC_ARC = YES;
				CLANG_WARN_BOOL_CONVERSION = YES;
				CLANG_WARN_CONSTANT_CONVERSION = YES;
				CLANG_WARN_DIRECT_OBJC_ISA_USAGE = YES_ERROR;
				CLANG_WARN_EMPTY_BODY = YES;
				CLANG_WARN_ENUM_CONVERSION = YES;
				CLANG_WARN_INT_CONVERSION = YES;
				CLANG_WARN_OBJC_ROOT_CLASS = YES_ERROR;
				CLANG_WARN__DUPLICATE_METHOD_MATCH = YES;
				"CODE_SIGN_IDENTITY[sdk=iphoneos*]" = "iPhone Developer";
				COPY_PHASE_STRIP = YES;
				ENABLE_NS_ASSERTIONS = NO;
				GCC_C_LANGUAGE_STANDARD = gnu99;
				GCC_WARN_64_TO_32_BIT_CONVERSION = YES;
				GCC_WARN_ABOUT_RETURN_TYPE = YES_ERROR;
				GCC_WARN_UNDECLARED_SELECTOR = YES;
				GCC_WARN_UNINITIALIZED_AUTOS = YES_AGGRESSIVE;
				GCC_WARN_UNUSED_FUNCTION = YES;
				GCC_WARN_UNUSED_VARIABLE = YES;
				IPHONEOS_DEPLOYMENT_TARGET = 7.1;
				SDKROOT = iphoneos;
				VALIDATE_PRODUCT = YES;
			};
			name = Release;
		};
		1EE711B0193CD00800B24ED7 /* Debug */ = {
			isa = XCBuildConfiguration;
			buildSettings = {
				ASSETCATALOG_COMPILER_APPICON_NAME = AppIcon;
				ASSETCATALOG_COMPILER_LAUNCHIMAGE_NAME = LaunchImage;
				GCC_PRECOMPILE_PREFIX_HEADER = YES;
				GCC_PREFIX_HEADER = "Beers/Beers-Prefix.pch";
				INFOPLIST_FILE = "Beers/Beers-Info.plist";
				PRODUCT_NAME = "$(TARGET_NAME)";
				WRAPPER_EXTENSION = app;
			};
			name = Debug;
		};
		1EE711B1193CD00800B24ED7 /* Release */ = {
			isa = XCBuildConfiguration;
			buildSettings = {
				ASSETCATALOG_COMPILER_APPICON_NAME = AppIcon;
				ASSETCATALOG_COMPILER_LAUNCHIMAGE_NAME = LaunchImage;
				GCC_PRECOMPILE_PREFIX_HEADER = YES;
				GCC_PREFIX_HEADER = "Beers/Beers-Prefix.pch";
				INFOPLIST_FILE = "Beers/Beers-Info.plist";
				PRODUCT_NAME = "$(TARGET_NAME)";
				WRAPPER_EXTENSION = app;
			};
			name = Release;
		};
		1EE711B3193CD00800B24ED7 /* Debug */ = {
			isa = XCBuildConfiguration;
			buildSettings = {
				BUNDLE_LOADER = "$(BUILT_PRODUCTS_DIR)/Beers.app/Beers";
				FRAMEWORK_SEARCH_PATHS = (
					"$(SDKROOT)/Developer/Library/Frameworks",
					"$(inherited)",
					"$(DEVELOPER_FRAMEWORKS_DIR)",
				);
				GCC_PRECOMPILE_PREFIX_HEADER = YES;
				GCC_PREFIX_HEADER = "Beers/Beers-Prefix.pch";
				GCC_PREPROCESSOR_DEFINITIONS = (
					"DEBUG=1",
					"$(inherited)",
				);
				INFOPLIST_FILE = "BeersTests/BeersTests-Info.plist";
				PRODUCT_NAME = "$(TARGET_NAME)";
				TEST_HOST = "$(BUNDLE_LOADER)";
				WRAPPER_EXTENSION = xctest;
			};
			name = Debug;
		};
		1EE711B4193CD00800B24ED7 /* Release */ = {
			isa = XCBuildConfiguration;
			buildSettings = {
				BUNDLE_LOADER = "$(BUILT_PRODUCTS_DIR)/Beers.app/Beers";
				FRAMEWORK_SEARCH_PATHS = (
					"$(SDKROOT)/Developer/Library/Frameworks",
					"$(inherited)",
					"$(DEVELOPER_FRAMEWORKS_DIR)",
				);
				GCC_PRECOMPILE_PREFIX_HEADER = YES;
				GCC_PREFIX_HEADER = "Beers/Beers-Prefix.pch";
				INFOPLIST_FILE = "BeersTests/BeersTests-Info.plist";
				PRODUCT_NAME = "$(TARGET_NAME)";
				TEST_HOST = "$(BUNDLE_LOADER)";
				WRAPPER_EXTENSION = xctest;
			};
			name = Release;
		};
/* End XCBuildConfiguration section */

/* Begin XCConfigurationList section */
		1EE7117E193CD00800B24ED7 /* Build configuration list for PBXProject "Beers" */ = {
			isa = XCConfigurationList;
			buildConfigurations = (
				1EE711AD193CD00800B24ED7 /* Debug */,
				1EE711AE193CD00800B24ED7 /* Release */,
			);
			defaultConfigurationIsVisible = 0;
			defaultConfigurationName = Release;
		};
		1EE711AF193CD00800B24ED7 /* Build configuration list for PBXNativeTarget "Beers" */ = {
			isa = XCConfigurationList;
			buildConfigurations = (
				1EE711B0193CD00800B24ED7 /* Debug */,
				1EE711B1193CD00800B24ED7 /* Release */,
			);
			defaultConfigurationIsVisible = 0;
			defaultConfigurationName = Release;
		};
		1EE711B2193CD00800B24ED7 /* Build configuration list for PBXNativeTarget "BeersTests" */ = {
			isa = XCConfigurationList;
			buildConfigurations = (
				1EE711B3193CD00800B24ED7 /* Debug */,
				1EE711B4193CD00800B24ED7 /* Release */,
			);
			defaultConfigurationIsVisible = 0;
			defaultConfigurationName = Release;
		};
/* End XCConfigurationList section */
	};
	rootObject = 1EE7117B193CD00800B24ED7 /* Project object */;
}
