<?xml version="1.0" encoding="UTF-8"?>
<!DOCTYPE plist PUBLIC "-//Apple//DTD PLIST 1.0//EN" "http://www.apple.com/DTDs/PropertyList-1.0.dtd">
<plist version="1.0">
<dict>
	<key>archiveVersion</key>
	<string>1</string>
	<key>classes</key>
	<dict/>
	<key>objectVersion</key>
	<string>46</string>
	<key>objects</key>
	<dict>
		<key>1E69226B193F03750043FE4D</key>
		<dict>
			<key>children</key>
			<array>
				<string>1EF9DAF9193E2976005ED7D1</string>
				<string>1EF9DAFB193E297C005ED7D1</string>
			</array>
			<key>isa</key>
			<string>PBXGroup</string>
			<key>name</key>
			<string>Assets</string>
			<key>path</key>
			<string>Assets</string>
			<key>sourceTree</key>
			<string>&lt;group&gt;</string>
		</dict>
		<key>1ED723F5193DC3780025D1B9</key>
		<dict>
			<key>fileEncoding</key>
			<string>4</string>
			<key>isa</key>
			<string>PBXFileReference</string>
			<key>lastKnownFileType</key>
			<string>sourcecode.c.h</string>
			<key>path</key>
			<string>Person.h</string>
			<key>sourceTree</key>
			<string>&lt;group&gt;</string>
		</dict>
		<key>1ED723F6193DC3780025D1B9</key>
		<dict>
			<key>fileEncoding</key>
			<string>4</string>
			<key>isa</key>
			<string>PBXFileReference</string>
			<key>lastKnownFileType</key>
			<string>sourcecode.c.objc</string>
			<key>path</key>
			<string>Person.m</string>
			<key>sourceTree</key>
			<string>&lt;group&gt;</string>
		</dict>
		<key>1ED723F7193DC3780025D1B9</key>
		<dict>
			<key>fileRef</key>
			<string>1ED723F6193DC3780025D1B9</string>
			<key>isa</key>
			<string>PBXBuildFile</string>
		</dict>
		<key>1ED723F8193DC4730025D1B9</key>
		<dict>
			<key>children</key>
			<array>
				<string>1ED723F9193DE8FF0025D1B9</string>
				<string>1ED723FA193DE8FF0025D1B9</string>
				<string>1EE711B5193CD21A00B24ED7</string>
				<string>1EE711B6193CD21A00B24ED7</string>
				<string>1ED723F5193DC3780025D1B9</string>
				<string>1ED723F6193DC3780025D1B9</string>
			</array>
			<key>isa</key>
			<string>PBXGroup</string>
			<key>name</key>
			<string>Model</string>
			<key>path</key>
			<string>Model</string>
			<key>sourceTree</key>
			<string>&lt;group&gt;</string>
		</dict>
		<key>1ED723F9193DE8FF0025D1B9</key>
		<dict>
			<key>fileEncoding</key>
			<string>4</string>
			<key>isa</key>
			<string>PBXFileReference</string>
			<key>lastKnownFileType</key>
			<string>sourcecode.c.h</string>
			<key>path</key>
			<string>EuroConverter.h</string>
			<key>sourceTree</key>
			<string>&lt;group&gt;</string>
		</dict>
		<key>1ED723FA193DE8FF0025D1B9</key>
		<dict>
			<key>fileEncoding</key>
			<string>4</string>
			<key>isa</key>
			<string>PBXFileReference</string>
			<key>lastKnownFileType</key>
			<string>sourcecode.c.objc</string>
			<key>path</key>
			<string>EuroConverter.m</string>
			<key>sourceTree</key>
			<string>&lt;group&gt;</string>
		</dict>
		<key>1ED723FB193DE8FF0025D1B9</key>
		<dict>
			<key>fileRef</key>
			<string>1ED723FA193DE8FF0025D1B9</string>
			<key>isa</key>
			<string>PBXBuildFile</string>
		</dict>
		<key>1ED723FC193E047D0025D1B9</key>
		<dict>
			<key>fileEncoding</key>
			<string>4</string>
			<key>isa</key>
			<string>PBXFileReference</string>
			<key>lastKnownFileType</key>
			<string>file.storyboard</string>
			<key>name</key>
			<string>Storyboard.storyboard</string>
			<key>path</key>
			<string>Storyboard.storyboard</string>
			<key>sourceTree</key>
			<string>&lt;group&gt;</string>
		</dict>
		<key>1ED723FD193E047D0025D1B9</key>
		<dict>
			<key>fileRef</key>
			<string>1ED723FC193E047D0025D1B9</string>
			<key>isa</key>
			<string>PBXBuildFile</string>
		</dict>
		<key>1ED723FE193E08B00025D1B9</key>
		<dict>
			<key>children</key>
			<array>
				<string>1ED723FC193E047D0025D1B9</string>
			</array>
			<key>isa</key>
			<string>PBXGroup</string>
			<key>name</key>
			<string>View</string>
			<key>path</key>
			<string>View</string>
			<key>sourceTree</key>
			<string>&lt;group&gt;</string>
		</dict>
		<key>1ED723FF193E08BF0025D1B9</key>
		<dict>
			<key>children</key>
			<array>
				<string>1ED72400193E0B890025D1B9</string>
				<string>1ED72401193E0B890025D1B9</string>
				<string>1ED72403193E0CAF0025D1B9</string>
				<string>1ED72404193E0CAF0025D1B9</string>
				<string>1EF9DAF6193E26EC005ED7D1</string>
				<string>1EF9DAF7193E26EC005ED7D1</string>
			</array>
			<key>isa</key>
			<string>PBXGroup</string>
			<key>name</key>
			<string>Controller</string>
			<key>path</key>
			<string>Controller</string>
			<key>sourceTree</key>
			<string>&lt;group&gt;</string>
		</dict>
		<key>1ED72400193E0B890025D1B9</key>
		<dict>
			<key>fileEncoding</key>
			<string>4</string>
			<key>isa</key>
			<string>PBXFileReference</string>
			<key>lastKnownFileType</key>
			<string>sourcecode.c.h</string>
			<key>path</key>
			<string>EuroCalculatorViewController.h</string>
			<key>sourceTree</key>
			<string>&lt;group&gt;</string>
		</dict>
		<key>1ED72401193E0B890025D1B9</key>
		<dict>
			<key>fileEncoding</key>
			<string>4</string>
			<key>isa</key>
			<string>PBXFileReference</string>
			<key>lastKnownFileType</key>
			<string>sourcecode.c.objc</string>
			<key>path</key>
			<string>EuroCalculatorViewController.m</string>
			<key>sourceTree</key>
			<string>&lt;group&gt;</string>
		</dict>
		<key>1ED72402193E0B890025D1B9</key>
		<dict>
			<key>fileRef</key>
			<string>1ED72401193E0B890025D1B9</string>
			<key>isa</key>
			<string>PBXBuildFile</string>
		</dict>
		<key>1ED72403193E0CAF0025D1B9</key>
		<dict>
			<key>fileEncoding</key>
			<string>4</string>
			<key>isa</key>
			<string>PBXFileReference</string>
			<key>lastKnownFileType</key>
			<string>sourcecode.c.h</string>
			<key>path</key>
			<string>EuroConverterViewController.h</string>
			<key>sourceTree</key>
			<string>&lt;group&gt;</string>
		</dict>
		<key>1ED72404193E0CAF0025D1B9</key>
		<dict>
			<key>fileEncoding</key>
			<string>4</string>
			<key>isa</key>
			<string>PBXFileReference</string>
			<key>lastKnownFileType</key>
			<string>sourcecode.c.objc</string>
			<key>path</key>
			<string>EuroConverterViewController.m</string>
			<key>sourceTree</key>
			<string>&lt;group&gt;</string>
		</dict>
		<key>1ED72405193E0CAF0025D1B9</key>
		<dict>
			<key>fileRef</key>
			<string>1ED72404193E0CAF0025D1B9</string>
			<key>isa</key>
			<string>PBXBuildFile</string>
		</dict>
		<key>1EE7117A193CD00800B24ED7</key>
		<dict>
			<key>children</key>
			<array>
				<string>1EE7118C193CD00800B24ED7</string>
				<string>1EE711A5193CD00800B24ED7</string>
				<string>1EE71185193CD00800B24ED7</string>
				<string>1EE71184193CD00800B24ED7</string>
			</array>
			<key>isa</key>
			<string>PBXGroup</string>
			<key>sourceTree</key>
			<string>&lt;group&gt;</string>
		</dict>
		<key>1EE7117B193CD00800B24ED7</key>
		<dict>
			<key>attributes</key>
			<dict>
				<key>LastUpgradeCheck</key>
				<string>0510</string>
				<key>ORGANIZATIONNAME</key>
				<string>ironhack</string>
				<key>TargetAttributes</key>
				<dict>
					<key>1EE7119D193CD00800B24ED7</key>
					<dict>
						<key>TestTargetID</key>
						<string>1EE71182193CD00800B24ED7</string>
					</dict>
				</dict>
			</dict>
			<key>buildConfigurationList</key>
			<string>1EE7117E193CD00800B24ED7</string>
			<key>compatibilityVersion</key>
			<string>Xcode 3.2</string>
			<key>developmentRegion</key>
			<string>English</string>
			<key>hasScannedForEncodings</key>
			<string>0</string>
			<key>isa</key>
			<string>PBXProject</string>
			<key>knownRegions</key>
			<array>
				<string>en</string>
			</array>
			<key>mainGroup</key>
			<string>1EE7117A193CD00800B24ED7</string>
			<key>productRefGroup</key>
			<string>1EE71184193CD00800B24ED7</string>
			<key>projectDirPath</key>
			<string></string>
			<key>projectReferences</key>
			<array/>
			<key>projectRoot</key>
			<string></string>
			<key>targets</key>
			<array>
				<string>1EE71182193CD00800B24ED7</string>
				<string>1EE7119D193CD00800B24ED7</string>
			</array>
		</dict>
		<key>1EE7117E193CD00800B24ED7</key>
		<dict>
			<key>buildConfigurations</key>
			<array>
				<string>1EE711AD193CD00800B24ED7</string>
				<string>1EE711AE193CD00800B24ED7</string>
			</array>
			<key>defaultConfigurationIsVisible</key>
			<string>0</string>
			<key>defaultConfigurationName</key>
			<string>Release</string>
			<key>isa</key>
			<string>XCConfigurationList</string>
		</dict>
		<key>1EE7117F193CD00800B24ED7</key>
		<dict>
			<key>buildActionMask</key>
			<string>2147483647</string>
			<key>files</key>
			<array>
				<string>1EE711B7193CD21A00B24ED7</string>
				<string>1ED72402193E0B890025D1B9</string>
				<string>1ED72405193E0CAF0025D1B9</string>
				<string>1EE71197193CD00800B24ED7</string>
				<string>1ED723F7193DC3780025D1B9</string>
				<string>1EF9DAF8193E26EC005ED7D1</string>
				<string>1ED723FB193DE8FF0025D1B9</string>
				<string>1EE71193193CD00800B24ED7</string>
			</array>
			<key>isa</key>
			<string>PBXSourcesBuildPhase</string>
			<key>runOnlyForDeploymentPostprocessing</key>
			<string>0</string>
		</dict>
		<key>1EE71180193CD00800B24ED7</key>
		<dict>
			<key>buildActionMask</key>
			<string>2147483647</string>
			<key>files</key>
			<array>
				<string>1EE71189193CD00800B24ED7</string>
				<string>1EE7118B193CD00800B24ED7</string>
				<string>1EE71187193CD00800B24ED7</string>
			</array>
			<key>isa</key>
			<string>PBXFrameworksBuildPhase</string>
			<key>runOnlyForDeploymentPostprocessing</key>
			<string>0</string>
		</dict>
		<key>1EE71181193CD00800B24ED7</key>
		<dict>
			<key>buildActionMask</key>
			<string>2147483647</string>
			<key>files</key>
			<array>
				<string>1EE71191193CD00800B24ED7</string>
				<string>1EF9DAFC193E297C005ED7D1</string>
				<string>1EE71199193CD00800B24ED7</string>
				<string>1ED723FD193E047D0025D1B9</string>
				<string>1EF9DAFA193E2976005ED7D1</string>
			</array>
			<key>isa</key>
			<string>PBXResourcesBuildPhase</string>
			<key>runOnlyForDeploymentPostprocessing</key>
			<string>0</string>
		</dict>
		<key>1EE71182193CD00800B24ED7</key>
		<dict>
			<key>buildConfigurationList</key>
			<string>1EE711AF193CD00800B24ED7</string>
			<key>buildPhases</key>
			<array>
				<string>1EE7117F193CD00800B24ED7</string>
				<string>1EE71180193CD00800B24ED7</string>
				<string>1EE71181193CD00800B24ED7</string>
			</array>
			<key>buildRules</key>
			<array/>
			<key>dependencies</key>
			<array/>
			<key>isa</key>
			<string>PBXNativeTarget</string>
			<key>name</key>
			<string>Beers</string>
			<key>productName</key>
			<string>Beers</string>
			<key>productReference</key>
			<string>1EE71183193CD00800B24ED7</string>
			<key>productType</key>
			<string>com.apple.product-type.application</string>
		</dict>
		<key>1EE71183193CD00800B24ED7</key>
		<dict>
			<key>explicitFileType</key>
			<string>wrapper.application</string>
			<key>includeInIndex</key>
			<string>0</string>
			<key>isa</key>
			<string>PBXFileReference</string>
			<key>path</key>
			<string>Beers.app</string>
			<key>sourceTree</key>
			<string>BUILT_PRODUCTS_DIR</string>
		</dict>
		<key>1EE71184193CD00800B24ED7</key>
		<dict>
			<key>children</key>
			<array>
				<string>1EE71183193CD00800B24ED7</string>
				<string>1EE7119E193CD00800B24ED7</string>
			</array>
			<key>isa</key>
			<string>PBXGroup</string>
			<key>name</key>
			<string>Products</string>
			<key>sourceTree</key>
			<string>&lt;group&gt;</string>
		</dict>
		<key>1EE71185193CD00800B24ED7</key>
		<dict>
			<key>children</key>
			<array>
				<string>1EE71186193CD00800B24ED7</string>
				<string>1EE71188193CD00800B24ED7</string>
				<string>1EE7118A193CD00800B24ED7</string>
				<string>1EE7119F193CD00800B24ED7</string>
			</array>
			<key>isa</key>
			<string>PBXGroup</string>
			<key>name</key>
			<string>Frameworks</string>
			<key>sourceTree</key>
			<string>&lt;group&gt;</string>
		</dict>
		<key>1EE71186193CD00800B24ED7</key>
		<dict>
			<key>isa</key>
			<string>PBXFileReference</string>
			<key>lastKnownFileType</key>
			<string>wrapper.framework</string>
			<key>name</key>
			<string>Foundation.framework</string>
			<key>path</key>
			<string>System/Library/Frameworks/Foundation.framework</string>
			<key>sourceTree</key>
			<string>SDKROOT</string>
		</dict>
		<key>1EE71187193CD00800B24ED7</key>
		<dict>
			<key>fileRef</key>
			<string>1EE71186193CD00800B24ED7</string>
			<key>isa</key>
			<string>PBXBuildFile</string>
		</dict>
		<key>1EE71188193CD00800B24ED7</key>
		<dict>
			<key>isa</key>
			<string>PBXFileReference</string>
			<key>lastKnownFileType</key>
			<string>wrapper.framework</string>
			<key>name</key>
			<string>CoreGraphics.framework</string>
			<key>path</key>
			<string>System/Library/Frameworks/CoreGraphics.framework</string>
			<key>sourceTree</key>
			<string>SDKROOT</string>
		</dict>
		<key>1EE71189193CD00800B24ED7</key>
		<dict>
			<key>fileRef</key>
			<string>1EE71188193CD00800B24ED7</string>
			<key>isa</key>
			<string>PBXBuildFile</string>
		</dict>
		<key>1EE7118A193CD00800B24ED7</key>
		<dict>
			<key>isa</key>
			<string>PBXFileReference</string>
			<key>lastKnownFileType</key>
			<string>wrapper.framework</string>
			<key>name</key>
			<string>UIKit.framework</string>
			<key>path</key>
			<string>System/Library/Frameworks/UIKit.framework</string>
			<key>sourceTree</key>
			<string>SDKROOT</string>
		</dict>
		<key>1EE7118B193CD00800B24ED7</key>
		<dict>
			<key>fileRef</key>
			<string>1EE7118A193CD00800B24ED7</string>
			<key>isa</key>
			<string>PBXBuildFile</string>
		</dict>
		<key>1EE7118C193CD00800B24ED7</key>
		<dict>
			<key>children</key>
			<array>
				<string>1EE71195193CD00800B24ED7</string>
				<string>1EE71196193CD00800B24ED7</string>
				<string>1E69226B193F03750043FE4D</string>
				<string>1ED723F8193DC4730025D1B9</string>
				<string>1ED723FE193E08B00025D1B9</string>
				<string>1ED723FF193E08BF0025D1B9</string>
				<string>1EE71198193CD00800B24ED7</string>
				<string>1EE7118D193CD00800B24ED7</string>
			</array>
			<key>isa</key>
			<string>PBXGroup</string>
			<key>path</key>
			<string>Beers</string>
			<key>sourceTree</key>
			<string>&lt;group&gt;</string>
		</dict>
		<key>1EE7118D193CD00800B24ED7</key>
		<dict>
			<key>children</key>
			<array>
				<string>1EE7118E193CD00800B24ED7</string>
				<string>1EE7118F193CD00800B24ED7</string>
				<string>1EE71192193CD00800B24ED7</string>
				<string>1EE71194193CD00800B24ED7</string>
			</array>
			<key>isa</key>
			<string>PBXGroup</string>
			<key>name</key>
			<string>Supporting Files</string>
			<key>path</key>
			<string>Supporting Files</string>
			<key>sourceTree</key>
			<string>&lt;group&gt;</string>
		</dict>
		<key>1EE7118E193CD00800B24ED7</key>
		<dict>
			<key>isa</key>
			<string>PBXFileReference</string>
			<key>lastKnownFileType</key>
			<string>text.plist.xml</string>
			<key>path</key>
			<string>Beers-Info.plist</string>
			<key>sourceTree</key>
			<string>&lt;group&gt;</string>
		</dict>
		<key>1EE7118F193CD00800B24ED7</key>
		<dict>
			<key>children</key>
			<array>
				<string>1EE71190193CD00800B24ED7</string>
			</array>
			<key>isa</key>
			<string>PBXVariantGroup</string>
			<key>name</key>
			<string>InfoPlist.strings</string>
			<key>sourceTree</key>
			<string>&lt;group&gt;</string>
		</dict>
		<key>1EE71190193CD00800B24ED7</key>
		<dict>
			<key>isa</key>
			<string>PBXFileReference</string>
			<key>lastKnownFileType</key>
			<string>text.plist.strings</string>
			<key>name</key>
			<string>en</string>
			<key>path</key>
			<string>en.lproj/InfoPlist.strings</string>
			<key>sourceTree</key>
			<string>&lt;group&gt;</string>
		</dict>
		<key>1EE71191193CD00800B24ED7</key>
		<dict>
			<key>fileRef</key>
			<string>1EE7118F193CD00800B24ED7</string>
			<key>isa</key>
			<string>PBXBuildFile</string>
		</dict>
		<key>1EE71192193CD00800B24ED7</key>
		<dict>
			<key>isa</key>
			<string>PBXFileReference</string>
			<key>lastKnownFileType</key>
			<string>sourcecode.c.objc</string>
			<key>path</key>
			<string>main.m</string>
			<key>sourceTree</key>
			<string>&lt;group&gt;</string>
		</dict>
		<key>1EE71193193CD00800B24ED7</key>
		<dict>
			<key>fileRef</key>
			<string>1EE71192193CD00800B24ED7</string>
			<key>isa</key>
			<string>PBXBuildFile</string>
		</dict>
		<key>1EE71194193CD00800B24ED7</key>
		<dict>
			<key>isa</key>
			<string>PBXFileReference</string>
			<key>lastKnownFileType</key>
			<string>sourcecode.c.h</string>
			<key>path</key>
			<string>Beers-Prefix.pch</string>
			<key>sourceTree</key>
			<string>&lt;group&gt;</string>
		</dict>
		<key>1EE71195193CD00800B24ED7</key>
		<dict>
			<key>isa</key>
			<string>PBXFileReference</string>
			<key>lastKnownFileType</key>
			<string>sourcecode.c.h</string>
			<key>path</key>
			<string>AppDelegate.h</string>
			<key>sourceTree</key>
			<string>&lt;group&gt;</string>
		</dict>
		<key>1EE71196193CD00800B24ED7</key>
		<dict>
			<key>isa</key>
			<string>PBXFileReference</string>
			<key>lastKnownFileType</key>
			<string>sourcecode.c.objc</string>
			<key>path</key>
			<string>AppDelegate.m</string>
			<key>sourceTree</key>
			<string>&lt;group&gt;</string>
		</dict>
		<key>1EE71197193CD00800B24ED7</key>
		<dict>
			<key>fileRef</key>
			<string>1EE71196193CD00800B24ED7</string>
			<key>isa</key>
			<string>PBXBuildFile</string>
		</dict>
		<key>1EE71198193CD00800B24ED7</key>
		<dict>
			<key>isa</key>
			<string>PBXFileReference</string>
			<key>lastKnownFileType</key>
			<string>folder.assetcatalog</string>
			<key>path</key>
			<string>Images.xcassets</string>
			<key>sourceTree</key>
			<string>&lt;group&gt;</string>
		</dict>
		<key>1EE71199193CD00800B24ED7</key>
		<dict>
			<key>fileRef</key>
			<string>1EE71198193CD00800B24ED7</string>
			<key>isa</key>
			<string>PBXBuildFile</string>
		</dict>
		<key>1EE7119A193CD00800B24ED7</key>
		<dict>
			<key>buildActionMask</key>
			<string>2147483647</string>
			<key>files</key>
			<array>
				<string>1EE711AC193CD00800B24ED7</string>
			</array>
			<key>isa</key>
			<string>PBXSourcesBuildPhase</string>
			<key>runOnlyForDeploymentPostprocessing</key>
			<string>0</string>
		</dict>
		<key>1EE7119B193CD00800B24ED7</key>
		<dict>
			<key>buildActionMask</key>
			<string>2147483647</string>
			<key>files</key>
			<array>
				<string>1EE711A0193CD00800B24ED7</string>
				<string>1EE711A2193CD00800B24ED7</string>
				<string>1EE711A1193CD00800B24ED7</string>
			</array>
			<key>isa</key>
			<string>PBXFrameworksBuildPhase</string>
			<key>runOnlyForDeploymentPostprocessing</key>
			<string>0</string>
		</dict>
		<key>1EE7119C193CD00800B24ED7</key>
		<dict>
			<key>buildActionMask</key>
			<string>2147483647</string>
			<key>files</key>
			<array>
				<string>1EE711AA193CD00800B24ED7</string>
			</array>
			<key>isa</key>
			<string>PBXResourcesBuildPhase</string>
			<key>runOnlyForDeploymentPostprocessing</key>
			<string>0</string>
		</dict>
		<key>1EE7119D193CD00800B24ED7</key>
		<dict>
			<key>buildConfigurationList</key>
			<string>1EE711B2193CD00800B24ED7</string>
			<key>buildPhases</key>
			<array>
				<string>1EE7119A193CD00800B24ED7</string>
				<string>1EE7119B193CD00800B24ED7</string>
				<string>1EE7119C193CD00800B24ED7</string>
			</array>
			<key>buildRules</key>
			<array/>
			<key>dependencies</key>
			<array>
				<string>1EE711A4193CD00800B24ED7</string>
			</array>
			<key>isa</key>
			<string>PBXNativeTarget</string>
			<key>name</key>
			<string>BeersTests</string>
			<key>productName</key>
			<string>BeersTests</string>
			<key>productReference</key>
			<string>1EE7119E193CD00800B24ED7</string>
			<key>productType</key>
			<string>com.apple.product-type.bundle.unit-test</string>
		</dict>
		<key>1EE7119E193CD00800B24ED7</key>
		<dict>
			<key>explicitFileType</key>
			<string>wrapper.cfbundle</string>
			<key>includeInIndex</key>
			<string>0</string>
			<key>isa</key>
			<string>PBXFileReference</string>
			<key>path</key>
			<string>BeersTests.xctest</string>
			<key>sourceTree</key>
			<string>BUILT_PRODUCTS_DIR</string>
		</dict>
		<key>1EE7119F193CD00800B24ED7</key>
		<dict>
			<key>isa</key>
			<string>PBXFileReference</string>
			<key>lastKnownFileType</key>
			<string>wrapper.framework</string>
			<key>name</key>
			<string>XCTest.framework</string>
			<key>path</key>
			<string>Library/Frameworks/XCTest.framework</string>
			<key>sourceTree</key>
			<string>DEVELOPER_DIR</string>
		</dict>
		<key>1EE711A0193CD00800B24ED7</key>
		<dict>
			<key>fileRef</key>
			<string>1EE7119F193CD00800B24ED7</string>
			<key>isa</key>
			<string>PBXBuildFile</string>
		</dict>
		<key>1EE711A1193CD00800B24ED7</key>
		<dict>
			<key>fileRef</key>
			<string>1EE71186193CD00800B24ED7</string>
			<key>isa</key>
			<string>PBXBuildFile</string>
		</dict>
		<key>1EE711A2193CD00800B24ED7</key>
		<dict>
			<key>fileRef</key>
			<string>1EE7118A193CD00800B24ED7</string>
			<key>isa</key>
			<string>PBXBuildFile</string>
		</dict>
		<key>1EE711A3193CD00800B24ED7</key>
		<dict>
			<key>containerPortal</key>
			<string>1EE7117B193CD00800B24ED7</string>
			<key>isa</key>
			<string>PBXContainerItemProxy</string>
			<key>proxyType</key>
			<string>1</string>
			<key>remoteGlobalIDString</key>
			<string>1EE71182193CD00800B24ED7</string>
			<key>remoteInfo</key>
			<string>Beers</string>
		</dict>
		<key>1EE711A4193CD00800B24ED7</key>
		<dict>
			<key>isa</key>
			<string>PBXTargetDependency</string>
			<key>target</key>
			<string>1EE71182193CD00800B24ED7</string>
			<key>targetProxy</key>
			<string>1EE711A3193CD00800B24ED7</string>
		</dict>
		<key>1EE711A5193CD00800B24ED7</key>
		<dict>
			<key>children</key>
			<array>
				<string>1EE711AB193CD00800B24ED7</string>
				<string>1EE711A6193CD00800B24ED7</string>
			</array>
			<key>isa</key>
			<string>PBXGroup</string>
			<key>path</key>
			<string>BeersTests</string>
			<key>sourceTree</key>
			<string>&lt;group&gt;</string>
		</dict>
		<key>1EE711A6193CD00800B24ED7</key>
		<dict>
			<key>children</key>
			<array>
				<string>1EE711A7193CD00800B24ED7</string>
				<string>1EE711A8193CD00800B24ED7</string>
			</array>
			<key>isa</key>
			<string>PBXGroup</string>
			<key>name</key>
			<string>Supporting Files</string>
			<key>path</key>
			<string>Supporting Files</string>
			<key>sourceTree</key>
			<string>&lt;group&gt;</string>
		</dict>
		<key>1EE711A7193CD00800B24ED7</key>
		<dict>
			<key>isa</key>
			<string>PBXFileReference</string>
			<key>lastKnownFileType</key>
			<string>text.plist.xml</string>
			<key>path</key>
			<string>BeersTests-Info.plist</string>
			<key>sourceTree</key>
			<string>&lt;group&gt;</string>
		</dict>
		<key>1EE711A8193CD00800B24ED7</key>
		<dict>
			<key>children</key>
			<array>
				<string>1EE711A9193CD00800B24ED7</string>
			</array>
			<key>isa</key>
			<string>PBXVariantGroup</string>
			<key>name</key>
			<string>InfoPlist.strings</string>
			<key>sourceTree</key>
			<string>&lt;group&gt;</string>
		</dict>
		<key>1EE711A9193CD00800B24ED7</key>
		<dict>
			<key>isa</key>
			<string>PBXFileReference</string>
			<key>lastKnownFileType</key>
			<string>text.plist.strings</string>
			<key>name</key>
			<string>en</string>
			<key>path</key>
			<string>en.lproj/InfoPlist.strings</string>
			<key>sourceTree</key>
			<string>&lt;group&gt;</string>
		</dict>
		<key>1EE711AA193CD00800B24ED7</key>
		<dict>
			<key>fileRef</key>
			<string>1EE711A8193CD00800B24ED7</string>
			<key>isa</key>
			<string>PBXBuildFile</string>
		</dict>
		<key>1EE711AB193CD00800B24ED7</key>
		<dict>
			<key>isa</key>
			<string>PBXFileReference</string>
			<key>lastKnownFileType</key>
			<string>sourcecode.c.objc</string>
			<key>path</key>
			<string>BeersTests.m</string>
			<key>sourceTree</key>
			<string>&lt;group&gt;</string>
		</dict>
		<key>1EE711AC193CD00800B24ED7</key>
		<dict>
			<key>fileRef</key>
			<string>1EE711AB193CD00800B24ED7</string>
			<key>isa</key>
			<string>PBXBuildFile</string>
		</dict>
		<key>1EE711AD193CD00800B24ED7</key>
		<dict>
			<key>buildSettings</key>
			<dict>
				<key>ALWAYS_SEARCH_USER_PATHS</key>
				<string>NO</string>
				<key>CLANG_CXX_LANGUAGE_STANDARD</key>
				<string>gnu++0x</string>
				<key>CLANG_CXX_LIBRARY</key>
				<string>libc++</string>
				<key>CLANG_ENABLE_MODULES</key>
				<string>YES</string>
				<key>CLANG_ENABLE_OBJC_ARC</key>
				<string>YES</string>
				<key>CLANG_WARN_BOOL_CONVERSION</key>
				<string>YES</string>
				<key>CLANG_WARN_CONSTANT_CONVERSION</key>
				<string>YES</string>
				<key>CLANG_WARN_DIRECT_OBJC_ISA_USAGE</key>
				<string>YES_ERROR</string>
				<key>CLANG_WARN_EMPTY_BODY</key>
				<string>YES</string>
				<key>CLANG_WARN_ENUM_CONVERSION</key>
				<string>YES</string>
				<key>CLANG_WARN_INT_CONVERSION</key>
				<string>YES</string>
				<key>CLANG_WARN_OBJC_ROOT_CLASS</key>
				<string>YES_ERROR</string>
				<key>CLANG_WARN__DUPLICATE_METHOD_MATCH</key>
				<string>YES</string>
				<key>CODE_SIGN_IDENTITY[sdk=iphoneos*]</key>
				<string>iPhone Developer</string>
				<key>COPY_PHASE_STRIP</key>
				<string>NO</string>
				<key>GCC_C_LANGUAGE_STANDARD</key>
				<string>gnu99</string>
				<key>GCC_DYNAMIC_NO_PIC</key>
				<string>NO</string>
				<key>GCC_OPTIMIZATION_LEVEL</key>
				<string>0</string>
				<key>GCC_PREPROCESSOR_DEFINITIONS</key>
				<array>
					<string>DEBUG=1</string>
					<string>$(inherited)</string>
				</array>
				<key>GCC_SYMBOLS_PRIVATE_EXTERN</key>
				<string>NO</string>
				<key>GCC_WARN_64_TO_32_BIT_CONVERSION</key>
				<string>YES</string>
				<key>GCC_WARN_ABOUT_RETURN_TYPE</key>
				<string>YES_ERROR</string>
				<key>GCC_WARN_UNDECLARED_SELECTOR</key>
				<string>YES</string>
				<key>GCC_WARN_UNINITIALIZED_AUTOS</key>
				<string>YES_AGGRESSIVE</string>
				<key>GCC_WARN_UNUSED_FUNCTION</key>
				<string>YES</string>
				<key>GCC_WARN_UNUSED_VARIABLE</key>
				<string>YES</string>
				<key>IPHONEOS_DEPLOYMENT_TARGET</key>
				<string>7.1</string>
				<key>ONLY_ACTIVE_ARCH</key>
				<string>YES</string>
				<key>SDKROOT</key>
				<string>iphoneos</string>
			</dict>
			<key>isa</key>
			<string>XCBuildConfiguration</string>
			<key>name</key>
			<string>Debug</string>
		</dict>
		<key>1EE711AE193CD00800B24ED7</key>
		<dict>
			<key>buildSettings</key>
			<dict>
				<key>ALWAYS_SEARCH_USER_PATHS</key>
				<string>NO</string>
				<key>CLANG_CXX_LANGUAGE_STANDARD</key>
				<string>gnu++0x</string>
				<key>CLANG_CXX_LIBRARY</key>
				<string>libc++</string>
				<key>CLANG_ENABLE_MODULES</key>
				<string>YES</string>
				<key>CLANG_ENABLE_OBJC_ARC</key>
				<string>YES</string>
				<key>CLANG_WARN_BOOL_CONVERSION</key>
				<string>YES</string>
				<key>CLANG_WARN_CONSTANT_CONVERSION</key>
				<string>YES</string>
				<key>CLANG_WARN_DIRECT_OBJC_ISA_USAGE</key>
				<string>YES_ERROR</string>
				<key>CLANG_WARN_EMPTY_BODY</key>
				<string>YES</string>
				<key>CLANG_WARN_ENUM_CONVERSION</key>
				<string>YES</string>
				<key>CLANG_WARN_INT_CONVERSION</key>
				<string>YES</string>
				<key>CLANG_WARN_OBJC_ROOT_CLASS</key>
				<string>YES_ERROR</string>
				<key>CLANG_WARN__DUPLICATE_METHOD_MATCH</key>
				<string>YES</string>
				<key>CODE_SIGN_IDENTITY[sdk=iphoneos*]</key>
				<string>iPhone Developer</string>
				<key>COPY_PHASE_STRIP</key>
				<string>YES</string>
				<key>ENABLE_NS_ASSERTIONS</key>
				<string>NO</string>
				<key>GCC_C_LANGUAGE_STANDARD</key>
				<string>gnu99</string>
				<key>GCC_WARN_64_TO_32_BIT_CONVERSION</key>
				<string>YES</string>
				<key>GCC_WARN_ABOUT_RETURN_TYPE</key>
				<string>YES_ERROR</string>
				<key>GCC_WARN_UNDECLARED_SELECTOR</key>
				<string>YES</string>
				<key>GCC_WARN_UNINITIALIZED_AUTOS</key>
				<string>YES_AGGRESSIVE</string>
				<key>GCC_WARN_UNUSED_FUNCTION</key>
				<string>YES</string>
				<key>GCC_WARN_UNUSED_VARIABLE</key>
				<string>YES</string>
				<key>IPHONEOS_DEPLOYMENT_TARGET</key>
				<string>7.1</string>
				<key>SDKROOT</key>
				<string>iphoneos</string>
				<key>VALIDATE_PRODUCT</key>
				<string>YES</string>
			</dict>
			<key>isa</key>
			<string>XCBuildConfiguration</string>
			<key>name</key>
			<string>Release</string>
		</dict>
		<key>1EE711AF193CD00800B24ED7</key>
		<dict>
			<key>buildConfigurations</key>
			<array>
				<string>1EE711B0193CD00800B24ED7</string>
				<string>1EE711B1193CD00800B24ED7</string>
			</array>
			<key>defaultConfigurationIsVisible</key>
			<string>0</string>
			<key>defaultConfigurationName</key>
			<string>Release</string>
			<key>isa</key>
			<string>XCConfigurationList</string>
		</dict>
		<key>1EE711B0193CD00800B24ED7</key>
		<dict>
			<key>buildSettings</key>
			<dict>
				<key>ASSETCATALOG_COMPILER_APPICON_NAME</key>
				<string>AppIcon</string>
				<key>ASSETCATALOG_COMPILER_LAUNCHIMAGE_NAME</key>
				<string>LaunchImage</string>
				<key>GCC_PRECOMPILE_PREFIX_HEADER</key>
				<string>YES</string>
				<key>GCC_PREFIX_HEADER</key>
				<string>Beers/Supporting Files/Beers-Prefix.pch</string>
				<key>INFOPLIST_FILE</key>
				<string>Beers/Supporting Files/Beers-Info.plist</string>
				<key>PRODUCT_NAME</key>
				<string>$(TARGET_NAME)</string>
				<key>WRAPPER_EXTENSION</key>
				<string>app</string>
			</dict>
			<key>isa</key>
			<string>XCBuildConfiguration</string>
			<key>name</key>
			<string>Debug</string>
		</dict>
		<key>1EE711B1193CD00800B24ED7</key>
		<dict>
			<key>buildSettings</key>
			<dict>
				<key>ASSETCATALOG_COMPILER_APPICON_NAME</key>
				<string>AppIcon</string>
				<key>ASSETCATALOG_COMPILER_LAUNCHIMAGE_NAME</key>
				<string>LaunchImage</string>
				<key>GCC_PRECOMPILE_PREFIX_HEADER</key>
				<string>YES</string>
				<key>GCC_PREFIX_HEADER</key>
				<string>Beers/Supporting Files/Beers-Prefix.pch</string>
				<key>INFOPLIST_FILE</key>
				<string>Beers/Supporting Files/Beers-Info.plist</string>
				<key>PRODUCT_NAME</key>
				<string>$(TARGET_NAME)</string>
				<key>WRAPPER_EXTENSION</key>
				<string>app</string>
			</dict>
			<key>isa</key>
			<string>XCBuildConfiguration</string>
			<key>name</key>
			<string>Release</string>
		</dict>
		<key>1EE711B2193CD00800B24ED7</key>
		<dict>
			<key>buildConfigurations</key>
			<array>
				<string>1EE711B3193CD00800B24ED7</string>
				<string>1EE711B4193CD00800B24ED7</string>
			</array>
			<key>defaultConfigurationIsVisible</key>
			<string>0</string>
			<key>defaultConfigurationName</key>
			<string>Release</string>
			<key>isa</key>
			<string>XCConfigurationList</string>
		</dict>
		<key>1EE711B3193CD00800B24ED7</key>
		<dict>
			<key>buildSettings</key>
			<dict>
				<key>BUNDLE_LOADER</key>
				<string>$(BUILT_PRODUCTS_DIR)/Beers.app/Beers</string>
				<key>FRAMEWORK_SEARCH_PATHS</key>
				<array>
					<string>$(SDKROOT)/Developer/Library/Frameworks</string>
					<string>$(inherited)</string>
					<string>$(DEVELOPER_FRAMEWORKS_DIR)</string>
				</array>
				<key>GCC_PRECOMPILE_PREFIX_HEADER</key>
				<string>YES</string>
				<key>GCC_PREFIX_HEADER</key>
				<string>Beers/Supporting Files/Beers-Prefix.pch</string>
				<key>GCC_PREPROCESSOR_DEFINITIONS</key>
				<array>
					<string>DEBUG=1</string>
					<string>$(inherited)</string>
				</array>
				<key>INFOPLIST_FILE</key>
				<string>BeersTests/Supporting Files/BeersTests-Info.plist</string>
				<key>PRODUCT_NAME</key>
				<string>$(TARGET_NAME)</string>
				<key>TEST_HOST</key>
				<string>$(BUNDLE_LOADER)</string>
				<key>WRAPPER_EXTENSION</key>
				<string>xctest</string>
			</dict>
			<key>isa</key>
			<string>XCBuildConfiguration</string>
			<key>name</key>
			<string>Debug</string>
		</dict>
		<key>1EE711B4193CD00800B24ED7</key>
		<dict>
			<key>buildSettings</key>
			<dict>
				<key>BUNDLE_LOADER</key>
				<string>$(BUILT_PRODUCTS_DIR)/Beers.app/Beers</string>
				<key>FRAMEWORK_SEARCH_PATHS</key>
				<array>
					<string>$(SDKROOT)/Developer/Library/Frameworks</string>
					<string>$(inherited)</string>
					<string>$(DEVELOPER_FRAMEWORKS_DIR)</string>
				</array>
				<key>GCC_PRECOMPILE_PREFIX_HEADER</key>
				<string>YES</string>
				<key>GCC_PREFIX_HEADER</key>
				<string>Beers/Supporting Files/Beers-Prefix.pch</string>
				<key>INFOPLIST_FILE</key>
				<string>BeersTests/Supporting Files/BeersTests-Info.plist</string>
				<key>PRODUCT_NAME</key>
				<string>$(TARGET_NAME)</string>
				<key>TEST_HOST</key>
				<string>$(BUNDLE_LOADER)</string>
				<key>WRAPPER_EXTENSION</key>
				<string>xctest</string>
			</dict>
			<key>isa</key>
			<string>XCBuildConfiguration</string>
			<key>name</key>
			<string>Release</string>
		</dict>
		<key>1EE711B5193CD21A00B24ED7</key>
		<dict>
			<key>fileEncoding</key>
			<string>4</string>
			<key>isa</key>
			<string>PBXFileReference</string>
			<key>lastKnownFileType</key>
			<string>sourcecode.c.h</string>
			<key>path</key>
			<string>Beer.h</string>
			<key>sourceTree</key>
			<string>&lt;group&gt;</string>
		</dict>
		<key>1EE711B6193CD21A00B24ED7</key>
		<dict>
			<key>fileEncoding</key>
			<string>4</string>
			<key>isa</key>
			<string>PBXFileReference</string>
			<key>lastKnownFileType</key>
			<string>sourcecode.c.objc</string>
			<key>path</key>
			<string>Beer.m</string>
			<key>sourceTree</key>
			<string>&lt;group&gt;</string>
		</dict>
		<key>1EE711B7193CD21A00B24ED7</key>
		<dict>
			<key>fileRef</key>
			<string>1EE711B6193CD21A00B24ED7</string>
			<key>isa</key>
			<string>PBXBuildFile</string>
		</dict>
		<key>1EF9DAF6193E26EC005ED7D1</key>
		<dict>
			<key>fileEncoding</key>
			<string>4</string>
			<key>isa</key>
			<string>PBXFileReference</string>
			<key>lastKnownFileType</key>
			<string>sourcecode.c.h</string>
			<key>path</key>
			<string>AlphaViewController.h</string>
			<key>sourceTree</key>
			<string>&lt;group&gt;</string>
		</dict>
		<key>1EF9DAF7193E26EC005ED7D1</key>
		<dict>
			<key>fileEncoding</key>
			<string>4</string>
			<key>isa</key>
			<string>PBXFileReference</string>
			<key>lastKnownFileType</key>
			<string>sourcecode.c.objc</string>
			<key>path</key>
			<string>AlphaViewController.m</string>
			<key>sourceTree</key>
			<string>&lt;group&gt;</string>
		</dict>
		<key>1EF9DAF8193E26EC005ED7D1</key>
		<dict>
			<key>fileRef</key>
			<string>1EF9DAF7193E26EC005ED7D1</string>
			<key>isa</key>
			<string>PBXBuildFile</string>
		</dict>
		<key>1EF9DAF9193E2976005ED7D1</key>
		<dict>
			<key>isa</key>
			<string>PBXFileReference</string>
			<key>lastKnownFileType</key>
			<string>image.png</string>
			<key>path</key>
			<string>fari1.png</string>
			<key>sourceTree</key>
			<string>&lt;group&gt;</string>
		</dict>
		<key>1EF9DAFA193E2976005ED7D1</key>
		<dict>
			<key>fileRef</key>
			<string>1EF9DAF9193E2976005ED7D1</string>
			<key>isa</key>
			<string>PBXBuildFile</string>
		</dict>
		<key>1EF9DAFB193E297C005ED7D1</key>
		<dict>
			<key>isa</key>
			<string>PBXFileReference</string>
			<key>lastKnownFileType</key>
			<string>image.png</string>
			<key>path</key>
			<string>fari2.png</string>
			<key>sourceTree</key>
			<string>&lt;group&gt;</string>
		</dict>
		<key>1EF9DAFC193E297C005ED7D1</key>
		<dict>
			<key>fileRef</key>
			<string>1EF9DAFB193E297C005ED7D1</string>
			<key>isa</key>
			<string>PBXBuildFile</string>
		</dict>
	</dict>
	<key>rootObject</key>
	<string>1EE7117B193CD00800B24ED7</string>
</dict>
</plist>
